
Microsoft Visual Studio Solution File, Format Version 12.00
# Visual Studio 2013
VisualStudioVersion = 12.0.30723.0
MinimumVisualStudioVersion = 10.0.40219.1
Project("{FAE04EC0-301F-11D3-BF4B-00C04F79EFBC}") = "OwinTest", "OwinTest\OwinTest.csproj", "{834F0287-6440-447A-AC42-4AAB3E339CB2}"
EndProject
Project("{FAE04EC0-301F-11D3-BF4B-00C04F79EFBC}") = "OwinTest.Tests", "OwinTest.Tests\OwinTest.Tests.csproj", "{FE2CA47A-F4D8-4366-978E-796705E98C39}"
EndProject
Global
	GlobalSection(SolutionConfigurationPlatforms) = preSolution
		Debug|Any CPU = Debug|Any CPU
		Release|Any CPU = Release|Any CPU
	EndGlobalSection
	GlobalSection(ProjectConfigurationPlatforms) = postSolution
		{834F0287-6440-447A-AC42-4AAB3E339CB2}.Debug|Any CPU.ActiveCfg = Debug|Any CPU
		{834F0287-6440-447A-AC42-4AAB3E339CB2}.Debug|Any CPU.Build.0 = Debug|Any CPU
		{834F0287-6440-447A-AC42-4AAB3E339CB2}.Release|Any CPU.ActiveCfg = Release|Any CPU
		{834F0287-6440-447A-AC42-4AAB3E339CB2}.Release|Any CPU.Build.0 = Release|Any CPU
		{FE2CA47A-F4D8-4366-978E-796705E98C39}.Debug|Any CPU.ActiveCfg = Debug|Any CPU
		{FE2CA47A-F4D8-4366-978E-796705E98C39}.Debug|Any CPU.Build.0 = Debug|Any CPU
		{FE2CA47A-F4D8-4366-978E-796705E98C39}.Release|Any CPU.ActiveCfg = Release|Any CPU
		{FE2CA47A-F4D8-4366-978E-796705E98C39}.Release|Any CPU.Build.0 = Release|Any CPU
	EndGlobalSection
	GlobalSection(SolutionProperties) = preSolution
		HideSolutionNode = FALSE
	EndGlobalSection
EndGlobal
